
Microsoft Visual Studio Solution File, Format Version 12.00
# Visual Studio Version 16
VisualStudioVersion = 16.0.29613.14
MinimumVisualStudioVersion = 10.0.40219.1
Project("{9A19103F-16F7-4668-BE54-9A1E7A4F7556}") = "MSJennings.CodingPuzzles.Work", "MSJennings.CodingPuzzles.Work\MSJennings.CodingPuzzles.Work.csproj", "{A3A7B614-4F7F-4C0D-8E89-C132343CD147}"
EndProject
Project("{9A19103F-16F7-4668-BE54-9A1E7A4F7556}") = "MSJennings.CodingPuzzles.Tests", "MSJennings.CodingPuzzles.Tests\MSJennings.CodingPuzzles.Tests.csproj", "{7D5BA6C9-AA1D-4394-BB96-A5F5479214BA}"
EndProject
Global
	GlobalSection(SolutionConfigurationPlatforms) = preSolution
		Debug|Any CPU = Debug|Any CPU
		Release|Any CPU = Release|Any CPU
	EndGlobalSection
	GlobalSection(ProjectConfigurationPlatforms) = postSolution
		{A3A7B614-4F7F-4C0D-8E89-C132343CD147}.Debug|Any CPU.ActiveCfg = Debug|Any CPU
		{A3A7B614-4F7F-4C0D-8E89-C132343CD147}.Debug|Any CPU.Build.0 = Debug|Any CPU
		{A3A7B614-4F7F-4C0D-8E89-C132343CD147}.Release|Any CPU.ActiveCfg = Release|Any CPU
		{A3A7B614-4F7F-4C0D-8E89-C132343CD147}.Release|Any CPU.Build.0 = Release|Any CPU
		{7D5BA6C9-AA1D-4394-BB96-A5F5479214BA}.Debug|Any CPU.ActiveCfg = Debug|Any CPU
		{7D5BA6C9-AA1D-4394-BB96-A5F5479214BA}.Debug|Any CPU.Build.0 = Debug|Any CPU
		{7D5BA6C9-AA1D-4394-BB96-A5F5479214BA}.Release|Any CPU.ActiveCfg = Release|Any CPU
		{7D5BA6C9-AA1D-4394-BB96-A5F5479214BA}.Release|Any CPU.Build.0 = Release|Any CPU
	EndGlobalSection
	GlobalSection(SolutionProperties) = preSolution
		HideSolutionNode = FALSE
	EndGlobalSection
	GlobalSection(ExtensibilityGlobals) = postSolution
		SolutionGuid = {BFACB36B-1E79-4B11-A6D6-6314B14CE40F}
	EndGlobalSection
EndGlobal
